// !$*UTF8*$!
{
	archiveVersion = 1;
	classes = {
	};
	objectVersion = 77;
	objects = {

/* Begin PBXBuildFile section */
		01D21B0C829F85DF5D6EC28B /* LeafBreezeLayer.swift in Sources */ = {isa = PBXBuildFile; fileRef = D2BB02C5033336FE30FF866D /* LeafBreezeLayer.swift */; };
		0392BFA35CB1D785B7C75E82 /* DiscoveryEtherealTapChime.swift in Sources */ = {isa = PBXBuildFile; fileRef = 09FDA751DB7B0A223C8C089C /* DiscoveryEtherealTapChime.swift */; };
		0819AFD48A91300D4B0F6DD7 /* ResidentNationality.swift in Sources */ = {isa = PBXBuildFile; fileRef = 45F1525B52278FA2FC7D9227 /* ResidentNationality.swift */; };
		090D00871B7C699C7D558944 /* FlowRootView.swift in Sources */ = {isa = PBXBuildFile; fileRef = E65A4F953AF74899E2090FC2 /* FlowRootView.swift */; };
		0F7E62D9E3A8936EF61A8D4B /* Velvet Afterhours.mp3 in Resources */ = {isa = PBXBuildFile; fileRef = 59DA91612D31E25052C18679 /* Velvet Afterhours.mp3 */; };
		12860486F75A69BC15054594 /* CareDataStore.swift in Sources */ = {isa = PBXBuildFile; fileRef = 5BB0504BDA2F574CF2933CEC /* CareDataStore.swift */; };
		17D1145ED9DD0652B4C025C4 /* NoteStalgiaApp.swift in Sources */ = {isa = PBXBuildFile; fileRef = A317F2DFDC71F9C399CD4BD0 /* NoteStalgiaApp.swift */; };
		1893FFC169A8043A5A4DC8CB /* CalmMotionViews.swift in Sources */ = {isa = PBXBuildFile; fileRef = FBF0BEC44066D39427758EE8 /* CalmMotionViews.swift */; };
		18DC7A586024264ED5950C33 /* PatientBiometricAuth.swift in Sources */ = {isa = PBXBuildFile; fileRef = 4E804FD11A95AE15C0481009 /* PatientBiometricAuth.swift */; };
		20C26CB621660F8F171A58BF /* SupervisorAuth.swift in Sources */ = {isa = PBXBuildFile; fileRef = 1157FA363CF322DCC5404626 /* SupervisorAuth.swift */; };
		22FAD610B5C2EE2362788239 /* OrbNavControls.swift in Sources */ = {isa = PBXBuildFile; fileRef = 9A77D9E1626BC5A406E0DABB /* OrbNavControls.swift */; };
		252A3125B1D81EDDBC432A5C /* CalmExperienceFeedback.swift in Sources */ = {isa = PBXBuildFile; fileRef = 3D2C1CCCE549453E39C27B62 /* CalmExperienceFeedback.swift */; };
		277F4DE112610408C04127EE /* DiscoveryPlaylistTuning.swift in Sources */ = {isa = PBXBuildFile; fileRef = 4A0F8F4E67F48B3B90D54420 /* DiscoveryPlaylistTuning.swift */; };
		2E62B340D4FD49F4D4EC6B2E /* CarePatientPortrait.swift in Sources */ = {isa = PBXBuildFile; fileRef = 4733E2F12334954C0B7EAD63 /* CarePatientPortrait.swift */; };
		2F6F1C4420BD46310BA8569B /* AppAudioSession.swift in Sources */ = {isa = PBXBuildFile; fileRef = 91BC864FE5949576A98B67C3 /* AppAudioSession.swift */; };
		305396DCDD47C70CE47E8CFB /* GroupSessionStore.swift in Sources */ = {isa = PBXBuildFile; fileRef = 07BE5F7FD481AEB47A95E895 /* GroupSessionStore.swift */; };
		308AB85046B93542B40AEE8B /* OrbNavigationStyle.swift in Sources */ = {isa = PBXBuildFile; fileRef = 2577CCB02E27E0398C7C9802 /* OrbNavigationStyle.swift */; };
		309068A564A0536ACF661D4B /* CareSessionSentiment.swift in Sources */ = {isa = PBXBuildFile; fileRef = 4CE4C4356D79102349B740BF /* CareSessionSentiment.swift */; };
		354099A4BC4309763169588C /* ResidentPortraitCatalog.swift in Sources */ = {isa = PBXBuildFile; fileRef = 60592EA6AB1938391A5ABA6D /* ResidentPortraitCatalog.swift */; };
		3639B93BD5CED4279ADF70B5 /* SixDigitPinInput.swift in Sources */ = {isa = PBXBuildFile; fileRef = BA2FF55409E22DB7B64392F6 /* SixDigitPinInput.swift */; };
		36483CCFAF9DEDBA7581FAB3 /* ResidentMusicModel.swift in Sources */ = {isa = PBXBuildFile; fileRef = BFADE22ECDA1B31306992177 /* ResidentMusicModel.swift */; };
		36E68885D3AC4D05D87DA1CD /* DiscoveryModels.swift in Sources */ = {isa = PBXBuildFile; fileRef = B00F5132BEFFF09FCEF9D499 /* DiscoveryModels.swift */; };
		36F77A13F8D7151D05B0F0FB /* BrandTheme.swift in Sources */ = {isa = PBXBuildFile; fileRef = E9BEFF6CA463A3080D77FB94 /* BrandTheme.swift */; };
		38345C926C07D18F6C725F67 /* Drift Between Rooms.mp3 in Resources */ = {isa = PBXBuildFile; fileRef = E1A28D3AD15887A6A74EAB62 /* Drift Between Rooms.mp3 */; };
		3A60DB345203E625B8D49606 /* GroupSessionModels.swift in Sources */ = {isa = PBXBuildFile; fileRef = 29EC002C1122183DC8FFB2E0 /* GroupSessionModels.swift */; };
		41089DA84EB00806297A777A /* SessionBottomConfigMenu.swift in Sources */ = {isa = PBXBuildFile; fileRef = 33318E6AF994344DE2264088 /* SessionBottomConfigMenu.swift */; };
		41DE539B1605F262F329DDBC /* PatientFaceIDLinkStore.swift in Sources */ = {isa = PBXBuildFile; fileRef = DF40DF8F235D4897A5681BC3 /* PatientFaceIDLinkStore.swift */; };
		448384A4C145DFF695A93B66 /* CaptureScreens.swift in Sources */ = {isa = PBXBuildFile; fileRef = 75EE6925280DAA00A9924D3D /* CaptureScreens.swift */; };
		4A98C6DAE6A310A1C0154F71 /* Velvet Highway.mp3 in Resources */ = {isa = PBXBuildFile; fileRef = EA9195D74AD97A0E701643C3 /* Velvet Highway.mp3 */; };
		4E78BEB19C8F8335EF6F4D7F /* MusicReactiveBus.swift in Sources */ = {isa = PBXBuildFile; fileRef = 061F0191C70D8CD595592058 /* MusicReactiveBus.swift */; };
		4EFF6F21E45F5CC78B967B72 /* StreamAudioCache.swift in Sources */ = {isa = PBXBuildFile; fileRef = 3AE5D8F4A7817756396BCFF4 /* StreamAudioCache.swift */; };
		5270E839CE9A8AF73F021884 /* SessionPOCState.swift in Sources */ = {isa = PBXBuildFile; fileRef = C24F0E3B65BF5289378C685C /* SessionPOCState.swift */; };
		539D8BB0D13E3F59C86C98B9 /* DiscoveryEraMedia.swift in Sources */ = {isa = PBXBuildFile; fileRef = A7B747E2C9B5AB9610687DDD /* DiscoveryEraMedia.swift */; };
		58DB7569B4DB62EB4ABC01E1 /* ExperienceScreens.swift in Sources */ = {isa = PBXBuildFile; fileRef = 2E147C0264ECDF103E99D97A /* ExperienceScreens.swift */; };
		60AC56A7B9226EFB3A2DD879 /* PatientFaceIDSignInControls.swift in Sources */ = {isa = PBXBuildFile; fileRef = 3FDF5AF16686875DB0B53E60 /* PatientFaceIDSignInControls.swift */; };
		6D86D5A4ABEE1FD644AD9271 /* ScrollContentEdgeFade.swift in Sources */ = {isa = PBXBuildFile; fileRef = 9B49A44F89439AE6A04D10A7 /* ScrollContentEdgeFade.swift */; };
		70D05D5386FD1A9BD956BCD0 /* Pine Smoke Drift (1).mp3 in Resources */ = {isa = PBXBuildFile; fileRef = 3E1FDF7A48B5719F505ABEBB /* Pine Smoke Drift (1).mp3 */; };
		7212EAC58C5F57302799672D /* OrbOverlayTextStyle.swift in Sources */ = {isa = PBXBuildFile; fileRef = C7A56F33E38CBA4DBE4E1EDC /* OrbOverlayTextStyle.swift */; };
		7419FA19C741ED96D703D8AE /* CenteredScrollScreen.swift in Sources */ = {isa = PBXBuildFile; fileRef = 8FC262E7C97631F8EA58E1DB /* CenteredScrollScreen.swift */; };
		74BB58E3AECB286BC0878370 /* MusicVisualMood.swift in Sources */ = {isa = PBXBuildFile; fileRef = 15241077582F9D338D59B10A /* MusicVisualMood.swift */; };
		769D40CC129C87F0C7E3DDA1 /* NatureSessionImagery.swift in Sources */ = {isa = PBXBuildFile; fileRef = BF1798C67F9434A0BBF7A26C /* NatureSessionImagery.swift */; };
		78B60B4A87D07DA5FDE4D713 /* MusicReactiveAnalyzer.swift in Sources */ = {isa = PBXBuildFile; fileRef = EC0C8A365CE9C2EFDA256189 /* MusicReactiveAnalyzer.swift */; };
		79220441CDBCD87D83DBF52A /* ResidentSurfaceStore.swift in Sources */ = {isa = PBXBuildFile; fileRef = A92DAB218105E00FC2CCEA5C /* ResidentSurfaceStore.swift */; };
		7BBDE61652D19C68BA6B94C6 /* Pine Smoke Drift.mp3 in Resources */ = {isa = PBXBuildFile; fileRef = F2A608469742D5A52BB4ED61 /* Pine Smoke Drift.mp3 */; };
		7C2DBB6BC638C2C4C16ABC5B /* AmbientInteractionPause.swift in Sources */ = {isa = PBXBuildFile; fileRef = 645E52D08B060E81A5F4C277 /* AmbientInteractionPause.swift */; };
		7E37F5F21622D19C045750AD /* GroupSessionScreens.swift in Sources */ = {isa = PBXBuildFile; fileRef = CEC3F0B319DC8A9D35957B9A /* GroupSessionScreens.swift */; };
		81C7F498498E9A3EC993CE12 /* SessionSentimentStore.swift in Sources */ = {isa = PBXBuildFile; fileRef = E15C694C356E0EB461D31D73 /* SessionSentimentStore.swift */; };
		8337625ED3E619EA1321444B /* DiscoveryScreens.swift in Sources */ = {isa = PBXBuildFile; fileRef = EE5A9D4FF7238E5685832515 /* DiscoveryScreens.swift */; };
		85E1D3243360A15AC10AA9CD /* SimplifiedFlowScreens.swift in Sources */ = {isa = PBXBuildFile; fileRef = 7C02A04293FCAA86377E964E /* SimplifiedFlowScreens.swift */; };
		87C21F8E1C2A88402D7BF8DC /* AmbientAudioSession.swift in Sources */ = {isa = PBXBuildFile; fileRef = 706F5B3C05618C27B2BEE70C /* AmbientAudioSession.swift */; };
		8BD947C3F0DAD58F7F2DD25F /* ResidentSurfaceSessionMetrics.swift in Sources */ = {isa = PBXBuildFile; fileRef = EA8748A39AAF8CB838D2852E /* ResidentSurfaceSessionMetrics.swift */; };
		9229C66E1E7305D090091B7D /* SupervisorAuthStore.swift in Sources */ = {isa = PBXBuildFile; fileRef = 97044ED3FA3DBF15327445D3 /* SupervisorAuthStore.swift */; };
		968D460CE28FBA5154D66EE5 /* OrbShellConfiguration.swift in Sources */ = {isa = PBXBuildFile; fileRef = 3AA8A7D314D94998B58BB867 /* OrbShellConfiguration.swift */; };
		9E1E5D9D6661986DF9F23830 /* ImageDownscaling.swift in Sources */ = {isa = PBXBuildFile; fileRef = C35093FF297C5AB86C27B6B5 /* ImageDownscaling.swift */; };
		9F9073B9CE7487A2D33E20CD /* NewResidentDiscoveryStore.swift in Sources */ = {isa = PBXBuildFile; fileRef = 725922FBF83A684E32E1C3CA /* NewResidentDiscoveryStore.swift */; };
		A3E689E4967D591072D5857B /* SupervisorCredentialStore.swift in Sources */ = {isa = PBXBuildFile; fileRef = 7E019BE75130A742395614A4 /* SupervisorCredentialStore.swift */; };
		A7F5FD2D44E692F440939C01 /* AppRootView.swift in Sources */ = {isa = PBXBuildFile; fileRef = E0300E585CE1B0A12F711DA0 /* AppRootView.swift */; };
		A8F8321C7C964652CAEA8A15 /* ImmersiveSessionVitalsStore.swift in Sources */ = {isa = PBXBuildFile; fileRef = 13BF690EA5BF7265A95B879B /* ImmersiveSessionVitalsStore.swift */; };
		A9F3F2A362F2EE76C4324ED6 /* FadeText.swift in Sources */ = {isa = PBXBuildFile; fileRef = 37BE27BBB7D217B9BF02C069 /* FadeText.swift */; };
		AE324250DA9718FF77814321 /* LaunchIntroOverlay.swift in Sources */ = {isa = PBXBuildFile; fileRef = 83F2D53CBA4C1A1965FB5805 /* LaunchIntroOverlay.swift */; };
		B04991572213BE35EB07EB8B /* NoteStalgiaOrbVisuals.swift in Sources */ = {isa = PBXBuildFile; fileRef = 0AB0754C15EDA3CDF767FEC8 /* NoteStalgiaOrbVisuals.swift */; };
		B3025AB8733B0E16FD8751B3 /* CareStaffScreens.swift in Sources */ = {isa = PBXBuildFile; fileRef = 211A39512A67C0F51263EB2E /* CareStaffScreens.swift */; };
		B314930D3EF15DCD3785D95A /* OrbRingEqualizer.swift in Sources */ = {isa = PBXBuildFile; fileRef = 795D94D01ECCD77AAB686BCC /* OrbRingEqualizer.swift */; };
		B3297E8D278DB0AD57E236EA /* Assets.xcassets in Resources */ = {isa = PBXBuildFile; fileRef = 9A6CA906201E4447B2C696CB /* Assets.xcassets */; };
		B3987D99A2F6339329FDD46A /* Velvet Cadenza.mp3 in Resources */ = {isa = PBXBuildFile; fileRef = 5858D24D60A2987572304FA8 /* Velvet Cadenza.mp3 */; };
		B4B7416822794DD52567A3BD /* ReferenceOrbNebulaRender.swift in Sources */ = {isa = PBXBuildFile; fileRef = 5CA18FDA494AA5DB9AF7319F /* ReferenceOrbNebulaRender.swift */; };
		B4FC569A1E2BE2699294C16B /* CareHomeAnalytics.swift in Sources */ = {isa = PBXBuildFile; fileRef = 6557C281671AA42E18D424E7 /* CareHomeAnalytics.swift */; };
		BFD49F18D60DBB0201205FE3 /* BundledAudio.swift in Sources */ = {isa = PBXBuildFile; fileRef = 688824863BB9DA9977E5E56F /* BundledAudio.swift */; };
		C76E63C483EFC6FD2B6DE7BF /* CareHomeAdminScreens.swift in Sources */ = {isa = PBXBuildFile; fileRef = FF42203AC4A30DC54AAAAE8C /* CareHomeAdminScreens.swift */; };
		C7E8B9C0E12854F39EA74878 /* Echoes of Yesterday.mp3 in Resources */ = {isa = PBXBuildFile; fileRef = B879157B1E93C74600D5008C /* Echoes of Yesterday.mp3 */; };
		CA47DFE7B49F046F0FD1FC98 /* ResidentPlaylistVisuals.swift in Sources */ = {isa = PBXBuildFile; fileRef = 2F09B7F7065FA4FBD329FF3D /* ResidentPlaylistVisuals.swift */; };
		CB2E01A8AFAD5BFA4C2A072D /* NatureVideoCompilationView.swift in Sources */ = {isa = PBXBuildFile; fileRef = D68383A8CEA8B0E2CEC2270B /* NatureVideoCompilationView.swift */; };
		CBD6589491386750638A723B /* SplashScreenView.swift in Sources */ = {isa = PBXBuildFile; fileRef = 42CD973945EB93A5C1EC0A7F /* SplashScreenView.swift */; };
		CCF2083C3D8361F6DCE30A4A /* FlowContainerSize.swift in Sources */ = {isa = PBXBuildFile; fileRef = A5A596CF4765246D1EADB5D5 /* FlowContainerSize.swift */; };
		CD6D3F54BA34E250C399E3CB /* NoteStalgiaLogoImage.swift in Sources */ = {isa = PBXBuildFile; fileRef = A1F5D587236F479A7116F526 /* NoteStalgiaLogoImage.swift */; };
		D04A96016105877DEB4874A2 /* ResidentPlaylistComfort.swift in Sources */ = {isa = PBXBuildFile; fileRef = 1629AD9DA286A45E70E52EA3 /* ResidentPlaylistComfort.swift */; };
		D10B25E09D486559829A45E2 /* OrbContentMotion.swift in Sources */ = {isa = PBXBuildFile; fileRef = 89CB0633B698D0C549C1D75B /* OrbContentMotion.swift */; };
		D231FE611D571E6023F8A112 /* CareStaffModels.swift in Sources */ = {isa = PBXBuildFile; fileRef = 750B86EC8F15A1842583BB25 /* CareStaffModels.swift */; };
		D4BDDFA2DC23C6B0C3D96F6A /* ResidentExperienceScreens.swift in Sources */ = {isa = PBXBuildFile; fileRef = 39D0171AB6386A5B0D685AE8 /* ResidentExperienceScreens.swift */; };
		D5F8DA71EF6AFCCFF6676A76 /* NoteStalgiaOrbView.swift in Sources */ = {isa = PBXBuildFile; fileRef = 5A5B813D50C80B05C4BDA95E /* NoteStalgiaOrbView.swift */; };
		DF9AAD10BDC467C367E982C1 /* OrbHeartbeat.swift in Sources */ = {isa = PBXBuildFile; fileRef = 6777C1D1D1A4834A251DA4DE /* OrbHeartbeat.swift */; };
		E19D0C7450B16B90DF67FCE9 /* CareRosterUIStore.swift in Sources */ = {isa = PBXBuildFile; fileRef = 88D02D7DC5D72572A5909480 /* CareRosterUIStore.swift */; };
		F3A795C4B697292297FB9C45 /* GoldAmbientSparklesView.swift in Sources */ = {isa = PBXBuildFile; fileRef = 52BEA93FFD064D5D3BC21EB0 /* GoldAmbientSparklesView.swift */; };
		F4CFA9483CCA5D19B107BD14 /* OrbReferenceMotion.swift in Sources */ = {isa = PBXBuildFile; fileRef = 00AA2762A0271C8A6372D4CB /* OrbReferenceMotion.swift */; };
		F522E5BC9B4E78DDFB079415 /* CareTenancyModels.swift in Sources */ = {isa = PBXBuildFile; fileRef = 3A944D80479F51DD56CB787E /* CareTenancyModels.swift */; };
		F7FB1916109B99A65486ACCB /* OrbInteriorMediaPanel.swift in Sources */ = {isa = PBXBuildFile; fileRef = BF28FC77C3F799DDA3C8972D /* OrbInteriorMediaPanel.swift */; };
		FFE46080094D1CE8A5B2736F /* OrbRenderBudget.swift in Sources */ = {isa = PBXBuildFile; fileRef = 3C5A1F7D6CFB1042EA787C45 /* OrbRenderBudget.swift */; };
/* End PBXBuildFile section */

/* Begin PBXFileReference section */
		00AA2762A0271C8A6372D4CB /* OrbReferenceMotion.swift */ = {isa = PBXFileReference; lastKnownFileType = sourcecode.swift; path = OrbReferenceMotion.swift; sourceTree = "<group>"; };
		061F0191C70D8CD595592058 /* MusicReactiveBus.swift */ = {isa = PBXFileReference; lastKnownFileType = sourcecode.swift; path = MusicReactiveBus.swift; sourceTree = "<group>"; };
		07BE5F7FD481AEB47A95E895 /* GroupSessionStore.swift */ = {isa = PBXFileReference; lastKnownFileType = sourcecode.swift; path = GroupSessionStore.swift; sourceTree = "<group>"; };
		09FDA751DB7B0A223C8C089C /* DiscoveryEtherealTapChime.swift */ = {isa = PBXFileReference; lastKnownFileType = sourcecode.swift; path = DiscoveryEtherealTapChime.swift; sourceTree = "<group>"; };
		0AB0754C15EDA3CDF767FEC8 /* NoteStalgiaOrbVisuals.swift */ = {isa = PBXFileReference; lastKnownFileType = sourcecode.swift; path = NoteStalgiaOrbVisuals.swift; sourceTree = "<group>"; };
		1157FA363CF322DCC5404626 /* SupervisorAuth.swift */ = {isa = PBXFileReference; lastKnownFileType = sourcecode.swift; path = SupervisorAuth.swift; sourceTree = "<group>"; };
		13BF690EA5BF7265A95B879B /* ImmersiveSessionVitalsStore.swift */ = {isa = PBXFileReference; lastKnownFileType = sourcecode.swift; path = ImmersiveSessionVitalsStore.swift; sourceTree = "<group>"; };
		15241077582F9D338D59B10A /* MusicVisualMood.swift */ = {isa = PBXFileReference; lastKnownFileType = sourcecode.swift; path = MusicVisualMood.swift; sourceTree = "<group>"; };
		1629AD9DA286A45E70E52EA3 /* ResidentPlaylistComfort.swift */ = {isa = PBXFileReference; lastKnownFileType = sourcecode.swift; path = ResidentPlaylistComfort.swift; sourceTree = "<group>"; };
		211A39512A67C0F51263EB2E /* CareStaffScreens.swift */ = {isa = PBXFileReference; lastKnownFileType = sourcecode.swift; path = CareStaffScreens.swift; sourceTree = "<group>"; };
		2577CCB02E27E0398C7C9802 /* OrbNavigationStyle.swift */ = {isa = PBXFileReference; lastKnownFileType = sourcecode.swift; path = OrbNavigationStyle.swift; sourceTree = "<group>"; };
		29EC002C1122183DC8FFB2E0 /* GroupSessionModels.swift */ = {isa = PBXFileReference; lastKnownFileType = sourcecode.swift; path = GroupSessionModels.swift; sourceTree = "<group>"; };
		2E147C0264ECDF103E99D97A /* ExperienceScreens.swift */ = {isa = PBXFileReference; lastKnownFileType = sourcecode.swift; path = ExperienceScreens.swift; sourceTree = "<group>"; };
		2F09B7F7065FA4FBD329FF3D /* ResidentPlaylistVisuals.swift */ = {isa = PBXFileReference; lastKnownFileType = sourcecode.swift; path = ResidentPlaylistVisuals.swift; sourceTree = "<group>"; };
		33318E6AF994344DE2264088 /* SessionBottomConfigMenu.swift */ = {isa = PBXFileReference; lastKnownFileType = sourcecode.swift; path = SessionBottomConfigMenu.swift; sourceTree = "<group>"; };
		37BE27BBB7D217B9BF02C069 /* FadeText.swift */ = {isa = PBXFileReference; lastKnownFileType = sourcecode.swift; path = FadeText.swift; sourceTree = "<group>"; };
		39D0171AB6386A5B0D685AE8 /* ResidentExperienceScreens.swift */ = {isa = PBXFileReference; lastKnownFileType = sourcecode.swift; path = ResidentExperienceScreens.swift; sourceTree = "<group>"; };
		3A944D80479F51DD56CB787E /* CareTenancyModels.swift */ = {isa = PBXFileReference; lastKnownFileType = sourcecode.swift; path = CareTenancyModels.swift; sourceTree = "<group>"; };
		3AA8A7D314D94998B58BB867 /* OrbShellConfiguration.swift */ = {isa = PBXFileReference; lastKnownFileType = sourcecode.swift; path = OrbShellConfiguration.swift; sourceTree = "<group>"; };
		3AE5D8F4A7817756396BCFF4 /* StreamAudioCache.swift */ = {isa = PBXFileReference; lastKnownFileType = sourcecode.swift; path = StreamAudioCache.swift; sourceTree = "<group>"; };
		3C5A1F7D6CFB1042EA787C45 /* OrbRenderBudget.swift */ = {isa = PBXFileReference; lastKnownFileType = sourcecode.swift; path = OrbRenderBudget.swift; sourceTree = "<group>"; };
		3D2C1CCCE549453E39C27B62 /* CalmExperienceFeedback.swift */ = {isa = PBXFileReference; lastKnownFileType = sourcecode.swift; path = CalmExperienceFeedback.swift; sourceTree = "<group>"; };
		3E1FDF7A48B5719F505ABEBB /* Pine Smoke Drift (1).mp3 */ = {isa = PBXFileReference; lastKnownFileType = audio.mp3; path = "Pine Smoke Drift (1).mp3"; sourceTree = "<group>"; };
		3FDF5AF16686875DB0B53E60 /* PatientFaceIDSignInControls.swift */ = {isa = PBXFileReference; lastKnownFileType = sourcecode.swift; path = PatientFaceIDSignInControls.swift; sourceTree = "<group>"; };
		42CD973945EB93A5C1EC0A7F /* SplashScreenView.swift */ = {isa = PBXFileReference; lastKnownFileType = sourcecode.swift; path = SplashScreenView.swift; sourceTree = "<group>"; };
		45F1525B52278FA2FC7D9227 /* ResidentNationality.swift */ = {isa = PBXFileReference; lastKnownFileType = sourcecode.swift; path = ResidentNationality.swift; sourceTree = "<group>"; };
		4733E2F12334954C0B7EAD63 /* CarePatientPortrait.swift */ = {isa = PBXFileReference; lastKnownFileType = sourcecode.swift; path = CarePatientPortrait.swift; sourceTree = "<group>"; };
		4A0F8F4E67F48B3B90D54420 /* DiscoveryPlaylistTuning.swift */ = {isa = PBXFileReference; lastKnownFileType = sourcecode.swift; path = DiscoveryPlaylistTuning.swift; sourceTree = "<group>"; };
		4CE4C4356D79102349B740BF /* CareSessionSentiment.swift */ = {isa = PBXFileReference; lastKnownFileType = sourcecode.swift; path = CareSessionSentiment.swift; sourceTree = "<group>"; };
		4E804FD11A95AE15C0481009 /* PatientBiometricAuth.swift */ = {isa = PBXFileReference; lastKnownFileType = sourcecode.swift; path = PatientBiometricAuth.swift; sourceTree = "<group>"; };
		52BEA93FFD064D5D3BC21EB0 /* GoldAmbientSparklesView.swift */ = {isa = PBXFileReference; lastKnownFileType = sourcecode.swift; path = GoldAmbientSparklesView.swift; sourceTree = "<group>"; };
		5858D24D60A2987572304FA8 /* Velvet Cadenza.mp3 */ = {isa = PBXFileReference; lastKnownFileType = audio.mp3; path = "Velvet Cadenza.mp3"; sourceTree = "<group>"; };
		59DA91612D31E25052C18679 /* Velvet Afterhours.mp3 */ = {isa = PBXFileReference; lastKnownFileType = audio.mp3; path = "Velvet Afterhours.mp3"; sourceTree = "<group>"; };
		5A5B813D50C80B05C4BDA95E /* NoteStalgiaOrbView.swift */ = {isa = PBXFileReference; lastKnownFileType = sourcecode.swift; path = NoteStalgiaOrbView.swift; sourceTree = "<group>"; };
		5BB0504BDA2F574CF2933CEC /* CareDataStore.swift */ = {isa = PBXFileReference; lastKnownFileType = sourcecode.swift; path = CareDataStore.swift; sourceTree = "<group>"; };
		5CA18FDA494AA5DB9AF7319F /* ReferenceOrbNebulaRender.swift */ = {isa = PBXFileReference; lastKnownFileType = sourcecode.swift; path = ReferenceOrbNebulaRender.swift; sourceTree = "<group>"; };
		60592EA6AB1938391A5ABA6D /* ResidentPortraitCatalog.swift */ = {isa = PBXFileReference; lastKnownFileType = sourcecode.swift; path = ResidentPortraitCatalog.swift; sourceTree = "<group>"; };
		645E52D08B060E81A5F4C277 /* AmbientInteractionPause.swift */ = {isa = PBXFileReference; lastKnownFileType = sourcecode.swift; path = AmbientInteractionPause.swift; sourceTree = "<group>"; };
		6557C281671AA42E18D424E7 /* CareHomeAnalytics.swift */ = {isa = PBXFileReference; lastKnownFileType = sourcecode.swift; path = CareHomeAnalytics.swift; sourceTree = "<group>"; };
		6777C1D1D1A4834A251DA4DE /* OrbHeartbeat.swift */ = {isa = PBXFileReference; lastKnownFileType = sourcecode.swift; path = OrbHeartbeat.swift; sourceTree = "<group>"; };
		688824863BB9DA9977E5E56F /* BundledAudio.swift */ = {isa = PBXFileReference; lastKnownFileType = sourcecode.swift; path = BundledAudio.swift; sourceTree = "<group>"; };
		706F5B3C05618C27B2BEE70C /* AmbientAudioSession.swift */ = {isa = PBXFileReference; lastKnownFileType = sourcecode.swift; path = AmbientAudioSession.swift; sourceTree = "<group>"; };
		725922FBF83A684E32E1C3CA /* NewResidentDiscoveryStore.swift */ = {isa = PBXFileReference; lastKnownFileType = sourcecode.swift; path = NewResidentDiscoveryStore.swift; sourceTree = "<group>"; };
		750B86EC8F15A1842583BB25 /* CareStaffModels.swift */ = {isa = PBXFileReference; lastKnownFileType = sourcecode.swift; path = CareStaffModels.swift; sourceTree = "<group>"; };
		75EE6925280DAA00A9924D3D /* CaptureScreens.swift */ = {isa = PBXFileReference; lastKnownFileType = sourcecode.swift; path = CaptureScreens.swift; sourceTree = "<group>"; };
		795D94D01ECCD77AAB686BCC /* OrbRingEqualizer.swift */ = {isa = PBXFileReference; lastKnownFileType = sourcecode.swift; path = OrbRingEqualizer.swift; sourceTree = "<group>"; };
		7C02A04293FCAA86377E964E /* SimplifiedFlowScreens.swift */ = {isa = PBXFileReference; lastKnownFileType = sourcecode.swift; path = SimplifiedFlowScreens.swift; sourceTree = "<group>"; };
		7E019BE75130A742395614A4 /* SupervisorCredentialStore.swift */ = {isa = PBXFileReference; lastKnownFileType = sourcecode.swift; path = SupervisorCredentialStore.swift; sourceTree = "<group>"; };
		83F2D53CBA4C1A1965FB5805 /* LaunchIntroOverlay.swift */ = {isa = PBXFileReference; lastKnownFileType = sourcecode.swift; path = LaunchIntroOverlay.swift; sourceTree = "<group>"; };
		88D02D7DC5D72572A5909480 /* CareRosterUIStore.swift */ = {isa = PBXFileReference; lastKnownFileType = sourcecode.swift; path = CareRosterUIStore.swift; sourceTree = "<group>"; };
		89CB0633B698D0C549C1D75B /* OrbContentMotion.swift */ = {isa = PBXFileReference; lastKnownFileType = sourcecode.swift; path = OrbContentMotion.swift; sourceTree = "<group>"; };
		8FC262E7C97631F8EA58E1DB /* CenteredScrollScreen.swift */ = {isa = PBXFileReference; lastKnownFileType = sourcecode.swift; path = CenteredScrollScreen.swift; sourceTree = "<group>"; };
		91BC864FE5949576A98B67C3 /* AppAudioSession.swift */ = {isa = PBXFileReference; lastKnownFileType = sourcecode.swift; path = AppAudioSession.swift; sourceTree = "<group>"; };
		97044ED3FA3DBF15327445D3 /* SupervisorAuthStore.swift */ = {isa = PBXFileReference; lastKnownFileType = sourcecode.swift; path = SupervisorAuthStore.swift; sourceTree = "<group>"; };
		9A6CA906201E4447B2C696CB /* Assets.xcassets */ = {isa = PBXFileReference; lastKnownFileType = folder.assetcatalog; path = Assets.xcassets; sourceTree = "<group>"; };
		9A77D9E1626BC5A406E0DABB /* OrbNavControls.swift */ = {isa = PBXFileReference; lastKnownFileType = sourcecode.swift; path = OrbNavControls.swift; sourceTree = "<group>"; };
		9B49A44F89439AE6A04D10A7 /* ScrollContentEdgeFade.swift */ = {isa = PBXFileReference; lastKnownFileType = sourcecode.swift; path = ScrollContentEdgeFade.swift; sourceTree = "<group>"; };
		A1F5D587236F479A7116F526 /* NoteStalgiaLogoImage.swift */ = {isa = PBXFileReference; lastKnownFileType = sourcecode.swift; path = NoteStalgiaLogoImage.swift; sourceTree = "<group>"; };
		A317F2DFDC71F9C399CD4BD0 /* NoteStalgiaApp.swift */ = {isa = PBXFileReference; lastKnownFileType = sourcecode.swift; path = NoteStalgiaApp.swift; sourceTree = "<group>"; };
		A5A596CF4765246D1EADB5D5 /* FlowContainerSize.swift */ = {isa = PBXFileReference; lastKnownFileType = sourcecode.swift; path = FlowContainerSize.swift; sourceTree = "<group>"; };
		A7B747E2C9B5AB9610687DDD /* DiscoveryEraMedia.swift */ = {isa = PBXFileReference; lastKnownFileType = sourcecode.swift; path = DiscoveryEraMedia.swift; sourceTree = "<group>"; };
		A92DAB218105E00FC2CCEA5C /* ResidentSurfaceStore.swift */ = {isa = PBXFileReference; lastKnownFileType = sourcecode.swift; path = ResidentSurfaceStore.swift; sourceTree = "<group>"; };
		B00F5132BEFFF09FCEF9D499 /* DiscoveryModels.swift */ = {isa = PBXFileReference; lastKnownFileType = sourcecode.swift; path = DiscoveryModels.swift; sourceTree = "<group>"; };
		B879157B1E93C74600D5008C /* Echoes of Yesterday.mp3 */ = {isa = PBXFileReference; lastKnownFileType = audio.mp3; path = "Echoes of Yesterday.mp3"; sourceTree = "<group>"; };
		BA2FF55409E22DB7B64392F6 /* SixDigitPinInput.swift */ = {isa = PBXFileReference; lastKnownFileType = sourcecode.swift; path = SixDigitPinInput.swift; sourceTree = "<group>"; };
		BF1798C67F9434A0BBF7A26C /* NatureSessionImagery.swift */ = {isa = PBXFileReference; lastKnownFileType = sourcecode.swift; path = NatureSessionImagery.swift; sourceTree = "<group>"; };
		BF28FC77C3F799DDA3C8972D /* OrbInteriorMediaPanel.swift */ = {isa = PBXFileReference; lastKnownFileType = sourcecode.swift; path = OrbInteriorMediaPanel.swift; sourceTree = "<group>"; };
		BFADE22ECDA1B31306992177 /* ResidentMusicModel.swift */ = {isa = PBXFileReference; lastKnownFileType = sourcecode.swift; path = ResidentMusicModel.swift; sourceTree = "<group>"; };
		C24F0E3B65BF5289378C685C /* SessionPOCState.swift */ = {isa = PBXFileReference; lastKnownFileType = sourcecode.swift; path = SessionPOCState.swift; sourceTree = "<group>"; };
		C35093FF297C5AB86C27B6B5 /* ImageDownscaling.swift */ = {isa = PBXFileReference; lastKnownFileType = sourcecode.swift; path = ImageDownscaling.swift; sourceTree = "<group>"; };
		C7A56F33E38CBA4DBE4E1EDC /* OrbOverlayTextStyle.swift */ = {isa = PBXFileReference; lastKnownFileType = sourcecode.swift; path = OrbOverlayTextStyle.swift; sourceTree = "<group>"; };
		CEC3F0B319DC8A9D35957B9A /* GroupSessionScreens.swift */ = {isa = PBXFileReference; lastKnownFileType = sourcecode.swift; path = GroupSessionScreens.swift; sourceTree = "<group>"; };
		D2BB02C5033336FE30FF866D /* LeafBreezeLayer.swift */ = {isa = PBXFileReference; lastKnownFileType = sourcecode.swift; path = LeafBreezeLayer.swift; sourceTree = "<group>"; };
		D68383A8CEA8B0E2CEC2270B /* NatureVideoCompilationView.swift */ = {isa = PBXFileReference; lastKnownFileType = sourcecode.swift; path = NatureVideoCompilationView.swift; sourceTree = "<group>"; };
		DABE3ECBB23CB28FB8F53BB7 /* Info.plist */ = {isa = PBXFileReference; lastKnownFileType = text.plist; path = Info.plist; sourceTree = "<group>"; };
		DF40DF8F235D4897A5681BC3 /* PatientFaceIDLinkStore.swift */ = {isa = PBXFileReference; lastKnownFileType = sourcecode.swift; path = PatientFaceIDLinkStore.swift; sourceTree = "<group>"; };
		E0300E585CE1B0A12F711DA0 /* AppRootView.swift */ = {isa = PBXFileReference; lastKnownFileType = sourcecode.swift; path = AppRootView.swift; sourceTree = "<group>"; };
		E15C694C356E0EB461D31D73 /* SessionSentimentStore.swift */ = {isa = PBXFileReference; lastKnownFileType = sourcecode.swift; path = SessionSentimentStore.swift; sourceTree = "<group>"; };
		E1A28D3AD15887A6A74EAB62 /* Drift Between Rooms.mp3 */ = {isa = PBXFileReference; lastKnownFileType = audio.mp3; path = "Drift Between Rooms.mp3"; sourceTree = "<group>"; };
		E1A394CA6D9D8BFA22CBB12D /* NoteStalgia-iOS.app */ = {isa = PBXFileReference; explicitFileType = wrapper.application; includeInIndex = 0; path = "NoteStalgia-iOS.app"; sourceTree = BUILT_PRODUCTS_DIR; };
		E65A4F953AF74899E2090FC2 /* FlowRootView.swift */ = {isa = PBXFileReference; lastKnownFileType = sourcecode.swift; path = FlowRootView.swift; sourceTree = "<group>"; };
		E9BEFF6CA463A3080D77FB94 /* BrandTheme.swift */ = {isa = PBXFileReference; lastKnownFileType = sourcecode.swift; path = BrandTheme.swift; sourceTree = "<group>"; };
		EA8748A39AAF8CB838D2852E /* ResidentSurfaceSessionMetrics.swift */ = {isa = PBXFileReference; lastKnownFileType = sourcecode.swift; path = ResidentSurfaceSessionMetrics.swift; sourceTree = "<group>"; };
		EA9195D74AD97A0E701643C3 /* Velvet Highway.mp3 */ = {isa = PBXFileReference; lastKnownFileType = audio.mp3; path = "Velvet Highway.mp3"; sourceTree = "<group>"; };
		EC0C8A365CE9C2EFDA256189 /* MusicReactiveAnalyzer.swift */ = {isa = PBXFileReference; lastKnownFileType = sourcecode.swift; path = MusicReactiveAnalyzer.swift; sourceTree = "<group>"; };
		EE5A9D4FF7238E5685832515 /* DiscoveryScreens.swift */ = {isa = PBXFileReference; lastKnownFileType = sourcecode.swift; path = DiscoveryScreens.swift; sourceTree = "<group>"; };
		F2A608469742D5A52BB4ED61 /* Pine Smoke Drift.mp3 */ = {isa = PBXFileReference; lastKnownFileType = audio.mp3; path = "Pine Smoke Drift.mp3"; sourceTree = "<group>"; };
		FBF0BEC44066D39427758EE8 /* CalmMotionViews.swift */ = {isa = PBXFileReference; lastKnownFileType = sourcecode.swift; path = CalmMotionViews.swift; sourceTree = "<group>"; };
		FF42203AC4A30DC54AAAAE8C /* CareHomeAdminScreens.swift */ = {isa = PBXFileReference; lastKnownFileType = sourcecode.swift; path = CareHomeAdminScreens.swift; sourceTree = "<group>"; };
/* End PBXFileReference section */

/* Begin PBXGroup section */
		244EF73ED1BED0B8E9982A96 /* App */ = {
			isa = PBXGroup;
			children = (
				E0300E585CE1B0A12F711DA0 /* AppRootView.swift */,
				9A6CA906201E4447B2C696CB /* Assets.xcassets */,
				DABE3ECBB23CB28FB8F53BB7 /* Info.plist */,
				A317F2DFDC71F9C399CD4BD0 /* NoteStalgiaApp.swift */,
				93C68686DE0595849AC7B77C /* Resources */,
			);
			path = App;
			sourceTree = "<group>";
		};
		331C2121FE961C26A331A334 = {
			isa = PBXGroup;
			children = (
				244EF73ED1BED0B8E9982A96 /* App */,
				A4D677D55A863B1BFAF76328 /* Core */,
				EA289CFA4C086243CC579BF1 /* Flow */,
				8ECF1C4609A8D112383020F7 /* Screens */,
				9607007A455895D04AF95F9E /* Products */,
			);
			sourceTree = "<group>";
		};
		8ECF1C4609A8D112383020F7 /* Screens */ = {
			isa = PBXGroup;
			children = (
				75EE6925280DAA00A9924D3D /* CaptureScreens.swift */,
				FF42203AC4A30DC54AAAAE8C /* CareHomeAdminScreens.swift */,
				211A39512A67C0F51263EB2E /* CareStaffScreens.swift */,
				EE5A9D4FF7238E5685832515 /* DiscoveryScreens.swift */,
				2E147C0264ECDF103E99D97A /* ExperienceScreens.swift */,
				CEC3F0B319DC8A9D35957B9A /* GroupSessionScreens.swift */,
				D2BB02C5033336FE30FF866D /* LeafBreezeLayer.swift */,
				BF1798C67F9434A0BBF7A26C /* NatureSessionImagery.swift */,
				D68383A8CEA8B0E2CEC2270B /* NatureVideoCompilationView.swift */,
				39D0171AB6386A5B0D685AE8 /* ResidentExperienceScreens.swift */,
				33318E6AF994344DE2264088 /* SessionBottomConfigMenu.swift */,
				7C02A04293FCAA86377E964E /* SimplifiedFlowScreens.swift */,
				42CD973945EB93A5C1EC0A7F /* SplashScreenView.swift */,
			);
			path = Screens;
			sourceTree = "<group>";
		};
		93C68686DE0595849AC7B77C /* Resources */ = {
			isa = PBXGroup;
			children = (
				ADC687C67AC740F2505958FF /* Music */,
			);
			path = Resources;
			sourceTree = "<group>";
		};
		9607007A455895D04AF95F9E /* Products */ = {
			isa = PBXGroup;
			children = (
				E1A394CA6D9D8BFA22CBB12D /* NoteStalgia-iOS.app */,
			);
			name = Products;
			sourceTree = "<group>";
		};
		A4D677D55A863B1BFAF76328 /* Core */ = {
			isa = PBXGroup;
			children = (
				706F5B3C05618C27B2BEE70C /* AmbientAudioSession.swift */,
				645E52D08B060E81A5F4C277 /* AmbientInteractionPause.swift */,
				91BC864FE5949576A98B67C3 /* AppAudioSession.swift */,
				E9BEFF6CA463A3080D77FB94 /* BrandTheme.swift */,
				688824863BB9DA9977E5E56F /* BundledAudio.swift */,
				3D2C1CCCE549453E39C27B62 /* CalmExperienceFeedback.swift */,
				FBF0BEC44066D39427758EE8 /* CalmMotionViews.swift */,
				5BB0504BDA2F574CF2933CEC /* CareDataStore.swift */,
				6557C281671AA42E18D424E7 /* CareHomeAnalytics.swift */,
				4733E2F12334954C0B7EAD63 /* CarePatientPortrait.swift */,
				88D02D7DC5D72572A5909480 /* CareRosterUIStore.swift */,
				4CE4C4356D79102349B740BF /* CareSessionSentiment.swift */,
				750B86EC8F15A1842583BB25 /* CareStaffModels.swift */,
				3A944D80479F51DD56CB787E /* CareTenancyModels.swift */,
				8FC262E7C97631F8EA58E1DB /* CenteredScrollScreen.swift */,
				A7B747E2C9B5AB9610687DDD /* DiscoveryEraMedia.swift */,
				09FDA751DB7B0A223C8C089C /* DiscoveryEtherealTapChime.swift */,
				B00F5132BEFFF09FCEF9D499 /* DiscoveryModels.swift */,
				4A0F8F4E67F48B3B90D54420 /* DiscoveryPlaylistTuning.swift */,
				37BE27BBB7D217B9BF02C069 /* FadeText.swift */,
				A5A596CF4765246D1EADB5D5 /* FlowContainerSize.swift */,
				52BEA93FFD064D5D3BC21EB0 /* GoldAmbientSparklesView.swift */,
				29EC002C1122183DC8FFB2E0 /* GroupSessionModels.swift */,
				07BE5F7FD481AEB47A95E895 /* GroupSessionStore.swift */,
				C35093FF297C5AB86C27B6B5 /* ImageDownscaling.swift */,
				13BF690EA5BF7265A95B879B /* ImmersiveSessionVitalsStore.swift */,
				83F2D53CBA4C1A1965FB5805 /* LaunchIntroOverlay.swift */,
				EC0C8A365CE9C2EFDA256189 /* MusicReactiveAnalyzer.swift */,
				061F0191C70D8CD595592058 /* MusicReactiveBus.swift */,
				15241077582F9D338D59B10A /* MusicVisualMood.swift */,
				725922FBF83A684E32E1C3CA /* NewResidentDiscoveryStore.swift */,
				A1F5D587236F479A7116F526 /* NoteStalgiaLogoImage.swift */,
				5A5B813D50C80B05C4BDA95E /* NoteStalgiaOrbView.swift */,
				0AB0754C15EDA3CDF767FEC8 /* NoteStalgiaOrbVisuals.swift */,
				89CB0633B698D0C549C1D75B /* OrbContentMotion.swift */,
				6777C1D1D1A4834A251DA4DE /* OrbHeartbeat.swift */,
				BF28FC77C3F799DDA3C8972D /* OrbInteriorMediaPanel.swift */,
				9A77D9E1626BC5A406E0DABB /* OrbNavControls.swift */,
				2577CCB02E27E0398C7C9802 /* OrbNavigationStyle.swift */,
				C7A56F33E38CBA4DBE4E1EDC /* OrbOverlayTextStyle.swift */,
				00AA2762A0271C8A6372D4CB /* OrbReferenceMotion.swift */,
				3C5A1F7D6CFB1042EA787C45 /* OrbRenderBudget.swift */,
				795D94D01ECCD77AAB686BCC /* OrbRingEqualizer.swift */,
				3AA8A7D314D94998B58BB867 /* OrbShellConfiguration.swift */,
				4E804FD11A95AE15C0481009 /* PatientBiometricAuth.swift */,
				DF40DF8F235D4897A5681BC3 /* PatientFaceIDLinkStore.swift */,
				3FDF5AF16686875DB0B53E60 /* PatientFaceIDSignInControls.swift */,
				5CA18FDA494AA5DB9AF7319F /* ReferenceOrbNebulaRender.swift */,
				BFADE22ECDA1B31306992177 /* ResidentMusicModel.swift */,
				45F1525B52278FA2FC7D9227 /* ResidentNationality.swift */,
				1629AD9DA286A45E70E52EA3 /* ResidentPlaylistComfort.swift */,
				2F09B7F7065FA4FBD329FF3D /* ResidentPlaylistVisuals.swift */,
				60592EA6AB1938391A5ABA6D /* ResidentPortraitCatalog.swift */,
				EA8748A39AAF8CB838D2852E /* ResidentSurfaceSessionMetrics.swift */,
				A92DAB218105E00FC2CCEA5C /* ResidentSurfaceStore.swift */,
				9B49A44F89439AE6A04D10A7 /* ScrollContentEdgeFade.swift */,
				C24F0E3B65BF5289378C685C /* SessionPOCState.swift */,
				E15C694C356E0EB461D31D73 /* SessionSentimentStore.swift */,
				BA2FF55409E22DB7B64392F6 /* SixDigitPinInput.swift */,
				3AE5D8F4A7817756396BCFF4 /* StreamAudioCache.swift */,
				1157FA363CF322DCC5404626 /* SupervisorAuth.swift */,
				97044ED3FA3DBF15327445D3 /* SupervisorAuthStore.swift */,
				7E019BE75130A742395614A4 /* SupervisorCredentialStore.swift */,
			);
			path = Core;
			sourceTree = "<group>";
		};
		ADC687C67AC740F2505958FF /* Music */ = {
			isa = PBXGroup;
			children = (
				E1A28D3AD15887A6A74EAB62 /* Drift Between Rooms.mp3 */,
				B879157B1E93C74600D5008C /* Echoes of Yesterday.mp3 */,
				3E1FDF7A48B5719F505ABEBB /* Pine Smoke Drift (1).mp3 */,
				F2A608469742D5A52BB4ED61 /* Pine Smoke Drift.mp3 */,
				59DA91612D31E25052C18679 /* Velvet Afterhours.mp3 */,
				5858D24D60A2987572304FA8 /* Velvet Cadenza.mp3 */,
				EA9195D74AD97A0E701643C3 /* Velvet Highway.mp3 */,
			);
			path = Music;
			sourceTree = "<group>";
		};
		EA289CFA4C086243CC579BF1 /* Flow */ = {
			isa = PBXGroup;
			children = (
				E65A4F953AF74899E2090FC2 /* FlowRootView.swift */,
			);
			path = Flow;
			sourceTree = "<group>";
		};
/* End PBXGroup section */

/* Begin PBXNativeTarget section */
		C73F9EAA29C63CBBC2627FAA /* NoteStalgia-iOS */ = {
			isa = PBXNativeTarget;
			buildConfigurationList = 15C0B5AD2F7327B6C7410790 /* Build configuration list for PBXNativeTarget "NoteStalgia-iOS" */;
			buildPhases = (
				C3735417AF3206370B3FCA87 /* Sources */,
				4D88CFEE77651A9FD737341F /* Resources */,
			);
			buildRules = (
			);
			dependencies = (
			);
			name = "NoteStalgia-iOS";
			packageProductDependencies = (
			);
			productName = "NoteStalgia-iOS";
			productReference = E1A394CA6D9D8BFA22CBB12D /* NoteStalgia-iOS.app */;
			productType = "com.apple.product-type.application";
		};
/* End PBXNativeTarget section */

/* Begin PBXProject section */
		293809E39FAE41092E4512DD /* Project object */ = {
			isa = PBXProject;
			attributes = {
				BuildIndependentTargetsInParallel = YES;
				LastUpgradeCheck = 1430;
				TargetAttributes = {
					C73F9EAA29C63CBBC2627FAA = {
						ProvisioningStyle = Automatic;
					};
				};
			};
			buildConfigurationList = D218C95B177B033501B3AA35 /* Build configuration list for PBXProject "NoteStalgia-iOS" */;
			developmentRegion = en;
			hasScannedForEncodings = 0;
			knownRegions = (
				Base,
				en,
			);
			mainGroup = 331C2121FE961C26A331A334;
			minimizedProjectReferenceProxies = 1;
			preferredProjectObjectVersion = 77;
			productRefGroup = 9607007A455895D04AF95F9E /* Products */;
			projectDirPath = "";
			projectRoot = "";
			targets = (
				C73F9EAA29C63CBBC2627FAA /* NoteStalgia-iOS */,
			);
		};
/* End PBXProject section */

/* Begin PBXResourcesBuildPhase section */
		4D88CFEE77651A9FD737341F /* Resources */ = {
			isa = PBXResourcesBuildPhase;
			buildActionMask = 2147483647;
			files = (
				B3297E8D278DB0AD57E236EA /* Assets.xcassets in Resources */,
				38345C926C07D18F6C725F67 /* Drift Between Rooms.mp3 in Resources */,
				C7E8B9C0E12854F39EA74878 /* Echoes of Yesterday.mp3 in Resources */,
				70D05D5386FD1A9BD956BCD0 /* Pine Smoke Drift (1).mp3 in Resources */,
				7BBDE61652D19C68BA6B94C6 /* Pine Smoke Drift.mp3 in Resources */,
				0F7E62D9E3A8936EF61A8D4B /* Velvet Afterhours.mp3 in Resources */,
				B3987D99A2F6339329FDD46A /* Velvet Cadenza.mp3 in Resources */,
				4A98C6DAE6A310A1C0154F71 /* Velvet Highway.mp3 in Resources */,
			);
			runOnlyForDeploymentPostprocessing = 0;
		};
/* End PBXResourcesBuildPhase section */

/* Begin PBXSourcesBuildPhase section */
		C3735417AF3206370B3FCA87 /* Sources */ = {
			isa = PBXSourcesBuildPhase;
			buildActionMask = 2147483647;
			files = (
				87C21F8E1C2A88402D7BF8DC /* AmbientAudioSession.swift in Sources */,
				7C2DBB6BC638C2C4C16ABC5B /* AmbientInteractionPause.swift in Sources */,
				2F6F1C4420BD46310BA8569B /* AppAudioSession.swift in Sources */,
				A7F5FD2D44E692F440939C01 /* AppRootView.swift in Sources */,
				36F77A13F8D7151D05B0F0FB /* BrandTheme.swift in Sources */,
				BFD49F18D60DBB0201205FE3 /* BundledAudio.swift in Sources */,
				252A3125B1D81EDDBC432A5C /* CalmExperienceFeedback.swift in Sources */,
				1893FFC169A8043A5A4DC8CB /* CalmMotionViews.swift in Sources */,
				448384A4C145DFF695A93B66 /* CaptureScreens.swift in Sources */,
				12860486F75A69BC15054594 /* CareDataStore.swift in Sources */,
				C76E63C483EFC6FD2B6DE7BF /* CareHomeAdminScreens.swift in Sources */,
				B4FC569A1E2BE2699294C16B /* CareHomeAnalytics.swift in Sources */,
				2E62B340D4FD49F4D4EC6B2E /* CarePatientPortrait.swift in Sources */,
				E19D0C7450B16B90DF67FCE9 /* CareRosterUIStore.swift in Sources */,
				309068A564A0536ACF661D4B /* CareSessionSentiment.swift in Sources */,
				D231FE611D571E6023F8A112 /* CareStaffModels.swift in Sources */,
				B3025AB8733B0E16FD8751B3 /* CareStaffScreens.swift in Sources */,
				F522E5BC9B4E78DDFB079415 /* CareTenancyModels.swift in Sources */,
				7419FA19C741ED96D703D8AE /* CenteredScrollScreen.swift in Sources */,
				539D8BB0D13E3F59C86C98B9 /* DiscoveryEraMedia.swift in Sources */,
				0392BFA35CB1D785B7C75E82 /* DiscoveryEtherealTapChime.swift in Sources */,
				36E68885D3AC4D05D87DA1CD /* DiscoveryModels.swift in Sources */,
				277F4DE112610408C04127EE /* DiscoveryPlaylistTuning.swift in Sources */,
				8337625ED3E619EA1321444B /* DiscoveryScreens.swift in Sources */,
				58DB7569B4DB62EB4ABC01E1 /* ExperienceScreens.swift in Sources */,
				A9F3F2A362F2EE76C4324ED6 /* FadeText.swift in Sources */,
				CCF2083C3D8361F6DCE30A4A /* FlowContainerSize.swift in Sources */,
				090D00871B7C699C7D558944 /* FlowRootView.swift in Sources */,
				F3A795C4B697292297FB9C45 /* GoldAmbientSparklesView.swift in Sources */,
				3A60DB345203E625B8D49606 /* GroupSessionModels.swift in Sources */,
				7E37F5F21622D19C045750AD /* GroupSessionScreens.swift in Sources */,
				305396DCDD47C70CE47E8CFB /* GroupSessionStore.swift in Sources */,
				9E1E5D9D6661986DF9F23830 /* ImageDownscaling.swift in Sources */,
				A8F8321C7C964652CAEA8A15 /* ImmersiveSessionVitalsStore.swift in Sources */,
				AE324250DA9718FF77814321 /* LaunchIntroOverlay.swift in Sources */,
				01D21B0C829F85DF5D6EC28B /* LeafBreezeLayer.swift in Sources */,
				78B60B4A87D07DA5FDE4D713 /* MusicReactiveAnalyzer.swift in Sources */,
				4E78BEB19C8F8335EF6F4D7F /* MusicReactiveBus.swift in Sources */,
				74BB58E3AECB286BC0878370 /* MusicVisualMood.swift in Sources */,
				769D40CC129C87F0C7E3DDA1 /* NatureSessionImagery.swift in Sources */,
				CB2E01A8AFAD5BFA4C2A072D /* NatureVideoCompilationView.swift in Sources */,
				9F9073B9CE7487A2D33E20CD /* NewResidentDiscoveryStore.swift in Sources */,
				17D1145ED9DD0652B4C025C4 /* NoteStalgiaApp.swift in Sources */,
				CD6D3F54BA34E250C399E3CB /* NoteStalgiaLogoImage.swift in Sources */,
				D5F8DA71EF6AFCCFF6676A76 /* NoteStalgiaOrbView.swift in Sources */,
				B04991572213BE35EB07EB8B /* NoteStalgiaOrbVisuals.swift in Sources */,
				D10B25E09D486559829A45E2 /* OrbContentMotion.swift in Sources */,
				DF9AAD10BDC467C367E982C1 /* OrbHeartbeat.swift in Sources */,
				F7FB1916109B99A65486ACCB /* OrbInteriorMediaPanel.swift in Sources */,
				22FAD610B5C2EE2362788239 /* OrbNavControls.swift in Sources */,
				308AB85046B93542B40AEE8B /* OrbNavigationStyle.swift in Sources */,
				7212EAC58C5F57302799672D /* OrbOverlayTextStyle.swift in Sources */,
				F4CFA9483CCA5D19B107BD14 /* OrbReferenceMotion.swift in Sources */,
				FFE46080094D1CE8A5B2736F /* OrbRenderBudget.swift in Sources */,
				B314930D3EF15DCD3785D95A /* OrbRingEqualizer.swift in Sources */,
				968D460CE28FBA5154D66EE5 /* OrbShellConfiguration.swift in Sources */,
				18DC7A586024264ED5950C33 /* PatientBiometricAuth.swift in Sources */,
				41DE539B1605F262F329DDBC /* PatientFaceIDLinkStore.swift in Sources */,
				60AC56A7B9226EFB3A2DD879 /* PatientFaceIDSignInControls.swift in Sources */,
				B4B7416822794DD52567A3BD /* ReferenceOrbNebulaRender.swift in Sources */,
				D4BDDFA2DC23C6B0C3D96F6A /* ResidentExperienceScreens.swift in Sources */,
				36483CCFAF9DEDBA7581FAB3 /* ResidentMusicModel.swift in Sources */,
				0819AFD48A91300D4B0F6DD7 /* ResidentNationality.swift in Sources */,
				D04A96016105877DEB4874A2 /* ResidentPlaylistComfort.swift in Sources */,
				CA47DFE7B49F046F0FD1FC98 /* ResidentPlaylistVisuals.swift in Sources */,
				354099A4BC4309763169588C /* ResidentPortraitCatalog.swift in Sources */,
				8BD947C3F0DAD58F7F2DD25F /* ResidentSurfaceSessionMetrics.swift in Sources */,
				79220441CDBCD87D83DBF52A /* ResidentSurfaceStore.swift in Sources */,
				6D86D5A4ABEE1FD644AD9271 /* ScrollContentEdgeFade.swift in Sources */,
				41089DA84EB00806297A777A /* SessionBottomConfigMenu.swift in Sources */,
				5270E839CE9A8AF73F021884 /* SessionPOCState.swift in Sources */,
				81C7F498498E9A3EC993CE12 /* SessionSentimentStore.swift in Sources */,
				85E1D3243360A15AC10AA9CD /* SimplifiedFlowScreens.swift in Sources */,
				3639B93BD5CED4279ADF70B5 /* SixDigitPinInput.swift in Sources */,
				CBD6589491386750638A723B /* SplashScreenView.swift in Sources */,
				4EFF6F21E45F5CC78B967B72 /* StreamAudioCache.swift in Sources */,
				20C26CB621660F8F171A58BF /* SupervisorAuth.swift in Sources */,
				9229C66E1E7305D090091B7D /* SupervisorAuthStore.swift in Sources */,
				A3E689E4967D591072D5857B /* SupervisorCredentialStore.swift in Sources */,
			);
			runOnlyForDeploymentPostprocessing = 0;
		};
/* End PBXSourcesBuildPhase section */

/* Begin XCBuildConfiguration section */
		1CB955B2F3AAC70E4E7F6B83 /* Debug */ = {
			isa = XCBuildConfiguration;
			buildSettings = {
				ALWAYS_SEARCH_USER_PATHS = NO;
				CLANG_ANALYZER_NONNULL = YES;
				CLANG_ANALYZER_NUMBER_OBJECT_CONVERSION = YES_AGGRESSIVE;
				CLANG_CXX_LANGUAGE_STANDARD = "gnu++14";
				CLANG_CXX_LIBRARY = "libc++";
				CLANG_ENABLE_MODULES = YES;
				CLANG_ENABLE_OBJC_ARC = YES;
				CLANG_ENABLE_OBJC_WEAK = YES;
				CLANG_WARN_BLOCK_CAPTURE_AUTORELEASING = YES;
				CLANG_WARN_BOOL_CONVERSION = YES;
				CLANG_WARN_COMMA = YES;
				CLANG_WARN_CONSTANT_CONVERSION = YES;
				CLANG_WARN_DEPRECATED_OBJC_IMPLEMENTATIONS = YES;
				CLANG_WARN_DIRECT_OBJC_ISA_USAGE = YES_ERROR;
				CLANG_WARN_DOCUMENTATION_COMMENTS = YES;
				CLANG_WARN_EMPTY_BODY = YES;
				CLANG_WARN_ENUM_CONVERSION = YES;
				CLANG_WARN_INFINITE_RECURSION = YES;
				CLANG_WARN_INT_CONVERSION = YES;
				CLANG_WARN_NON_LITERAL_NULL_CONVERSION = YES;
				CLANG_WARN_OBJC_IMPLICIT_RETAIN_SELF = YES;
				CLANG_WARN_OBJC_LITERAL_CONVERSION = YES;
				CLANG_WARN_OBJC_ROOT_CLASS = YES_ERROR;
				CLANG_WARN_QUOTED_INCLUDE_IN_FRAMEWORK_HEADER = YES;
				CLANG_WARN_RANGE_LOOP_ANALYSIS = YES;
				CLANG_WARN_STRICT_PROTOTYPES = YES;
				CLANG_WARN_SUSPICIOUS_MOVE = YES;
				CLANG_WARN_UNGUARDED_AVAILABILITY = YES_AGGRESSIVE;
				CLANG_WARN_UNREACHABLE_CODE = YES;
				CLANG_WARN__DUPLICATE_METHOD_MATCH = YES;
				COPY_PHASE_STRIP = NO;
				DEBUG_INFORMATION_FORMAT = dwarf;
				ENABLE_STRICT_OBJC_MSGSEND = YES;
				ENABLE_TESTABILITY = YES;
				GCC_C_LANGUAGE_STANDARD = gnu11;
				GCC_DYNAMIC_NO_PIC = NO;
				GCC_NO_COMMON_BLOCKS = YES;
				GCC_OPTIMIZATION_LEVEL = 0;
				GCC_PREPROCESSOR_DEFINITIONS = (
					"$(inherited)",
					"DEBUG=1",
				);
				GCC_WARN_64_TO_32_BIT_CONVERSION = YES;
				GCC_WARN_ABOUT_RETURN_TYPE = YES_ERROR;
				GCC_WARN_UNDECLARED_SELECTOR = YES;
				GCC_WARN_UNINITIALIZED_AUTOS = YES_AGGRESSIVE;
				GCC_WARN_UNUSED_FUNCTION = YES;
				GCC_WARN_UNUSED_VARIABLE = YES;
				INFOPLIST_FILE = App/Info.plist;
				IPHONEOS_DEPLOYMENT_TARGET = 17.0;
				MTL_ENABLE_DEBUG_INFO = INCLUDE_SOURCE;
				MTL_FAST_MATH = YES;
				ONLY_ACTIVE_ARCH = YES;
				PRODUCT_BUNDLE_IDENTIFIER = com.notestalgia.ios;
				PRODUCT_NAME = "$(TARGET_NAME)";
				SDKROOT = iphoneos;
				SWIFT_ACTIVE_COMPILATION_CONDITIONS = DEBUG;
				SWIFT_COMPILATION_MODE = singlefile;
				SWIFT_OPTIMIZATION_LEVEL = "-Onone";
				SWIFT_VERSION = 5.10;
			};
			name = Debug;
		};
		58E56A28D3E8D02991A159AC /* Release */ = {
			isa = XCBuildConfiguration;
			buildSettings = {
				ASSETCATALOG_COMPILER_APPICON_NAME = AppIcon;
				CODE_SIGN_IDENTITY = "iPhone Developer";
				CODE_SIGN_STYLE = Automatic;
				DEVELOPMENT_TEAM = 23CGZDXP4Q;
				INFOPLIST_FILE = App/Info.plist;
				LD_RUNPATH_SEARCH_PATHS = (
					"$(inherited)",
					"@executable_path/Frameworks",
				);
				SDKROOT = iphoneos;
				TARGETED_DEVICE_FAMILY = "1,2";
			};
			name = Release;
		};
		9F0C5971598512DE54D2A57B /* Debug */ = {
			isa = XCBuildConfiguration;
			buildSettings = {
				ASSETCATALOG_COMPILER_APPICON_NAME = AppIcon;
				CODE_SIGN_IDENTITY = "iPhone Developer";
				CODE_SIGN_STYLE = Automatic;
				DEVELOPMENT_TEAM = 23CGZDXP4Q;
				INFOPLIST_FILE = App/Info.plist;
				LD_RUNPATH_SEARCH_PATHS = (
					"$(inherited)",
					"@executable_path/Frameworks",
				);
				SDKROOT = iphoneos;
				TARGETED_DEVICE_FAMILY = "1,2";
			};
			name = Debug;
		};
		A734C9EDC68E0471AE63AB06 /* Release */ = {
			isa = XCBuildConfiguration;
			buildSettings = {
				ALWAYS_SEARCH_USER_PATHS = NO;
				CLANG_ANALYZER_NONNULL = YES;
				CLANG_ANALYZER_NUMBER_OBJECT_CONVERSION = YES_AGGRESSIVE;
				CLANG_CXX_LANGUAGE_STANDARD = "gnu++14";
				CLANG_CXX_LIBRARY = "libc++";
				CLANG_ENABLE_MODULES = YES;
				CLANG_ENABLE_OBJC_ARC = YES;
				CLANG_ENABLE_OBJC_WEAK = YES;
				CLANG_WARN_BLOCK_CAPTURE_AUTORELEASING = YES;
				CLANG_WARN_BOOL_CONVERSION = YES;
				CLANG_WARN_COMMA = YES;
				CLANG_WARN_CONSTANT_CONVERSION = YES;
				CLANG_WARN_DEPRECATED_OBJC_IMPLEMENTATIONS = YES;
				CLANG_WARN_DIRECT_OBJC_ISA_USAGE = YES_ERROR;
				CLANG_WARN_DOCUMENTATION_COMMENTS = YES;
				CLANG_WARN_EMPTY_BODY = YES;
				CLANG_WARN_ENUM_CONVERSION = YES;
				CLANG_WARN_INFINITE_RECURSION = YES;
				CLANG_WARN_INT_CONVERSION = YES;
				CLANG_WARN_NON_LITERAL_NULL_CONVERSION = YES;
				CLANG_WARN_OBJC_IMPLICIT_RETAIN_SELF = YES;
				CLANG_WARN_OBJC_LITERAL_CONVERSION = YES;
				CLANG_WARN_OBJC_ROOT_CLASS = YES_ERROR;
				CLANG_WARN_QUOTED_INCLUDE_IN_FRAMEWORK_HEADER = YES;
				CLANG_WARN_RANGE_LOOP_ANALYSIS = YES;
				CLANG_WARN_STRICT_PROTOTYPES = YES;
				CLANG_WARN_SUSPICIOUS_MOVE = YES;
				CLANG_WARN_UNGUARDED_AVAILABILITY = YES_AGGRESSIVE;
				CLANG_WARN_UNREACHABLE_CODE = YES;
				CLANG_WARN__DUPLICATE_METHOD_MATCH = YES;
				COPY_PHASE_STRIP = NO;
				DEAD_CODE_STRIPPING = YES;
				DEBUG_INFORMATION_FORMAT = "dwarf-with-dsym";
				ENABLE_NS_ASSERTIONS = NO;
				ENABLE_STRICT_OBJC_MSGSEND = YES;
				GCC_C_LANGUAGE_STANDARD = gnu11;
				GCC_NO_COMMON_BLOCKS = YES;
				GCC_OPTIMIZATION_LEVEL = 3;
				GCC_WARN_64_TO_32_BIT_CONVERSION = YES;
				GCC_WARN_ABOUT_RETURN_TYPE = YES_ERROR;
				GCC_WARN_UNDECLARED_SELECTOR = YES;
				GCC_WARN_UNINITIALIZED_AUTOS = YES_AGGRESSIVE;
				GCC_WARN_UNUSED_FUNCTION = YES;
				GCC_WARN_UNUSED_VARIABLE = YES;
				INFOPLIST_FILE = App/Info.plist;
				IPHONEOS_DEPLOYMENT_TARGET = 17.0;
				MTL_ENABLE_DEBUG_INFO = NO;
				MTL_FAST_MATH = YES;
				PRODUCT_BUNDLE_IDENTIFIER = com.notestalgia.ios;
				PRODUCT_NAME = "$(TARGET_NAME)";
				SDKROOT = iphoneos;
				SWIFT_COMPILATION_MODE = wholemodule;
				SWIFT_OPTIMIZATION_LEVEL = "-O";
				SWIFT_VERSION = 5.10;
			};
			name = Release;
		};
/* End XCBuildConfiguration section */

/* Begin XCConfigurationList section */
		15C0B5AD2F7327B6C7410790 /* Build configuration list for PBXNativeTarget "NoteStalgia-iOS" */ = {
			isa = XCConfigurationList;
			buildConfigurations = (
				9F0C5971598512DE54D2A57B /* Debug */,
				58E56A28D3E8D02991A159AC /* Release */,
			);
			defaultConfigurationIsVisible = 0;
			defaultConfigurationName = Debug;
		};
		D218C95B177B033501B3AA35 /* Build configuration list for PBXProject "NoteStalgia-iOS" */ = {
			isa = XCConfigurationList;
			buildConfigurations = (
				1CB955B2F3AAC70E4E7F6B83 /* Debug */,
				A734C9EDC68E0471AE63AB06 /* Release */,
			);
			defaultConfigurationIsVisible = 0;
			defaultConfigurationName = Debug;
		};
/* End XCConfigurationList section */
	};
	rootObject = 293809E39FAE41092E4512DD /* Project object */;
}
